
Microsoft Visual Studio Solution File, Format Version 12.00
# Visual Studio Version 17
VisualStudioVersion = 17.9.34321.82
MinimumVisualStudioVersion = 10.0.40219.1
Project("{2150E333-8FDC-42A3-9474-1A3956D46DE8}") = "Org.WebApp.Main", "Org.WebApp.Main", "{3BFD14AB-2D25-484B-9A4F-80EEF576D73E}"
EndProject
Project("{2150E333-8FDC-42A3-9474-1A3956D46DE8}") = "src", "src", "{5DCCF3BA-7132-4C45-81DB-C9499A15B4A7}"
EndProject
Project("{2150E333-8FDC-42A3-9474-1A3956D46DE8}") = "Org.WebApp.SharedKernel", "Org.WebApp.SharedKernel", "{5AE61F09-D680-4476-BB5E-18504436265D}"
EndProject
Project("{2150E333-8FDC-42A3-9474-1A3956D46DE8}") = "src", "src", "{FBF57771-8E77-47FF-9905-08B5405A19BD}"
EndProject
Project("{9A19103F-16F7-4668-BE54-9A1E7A4F7556}") = "Org.WebApp.Main.01.Api", "Org.WebApp.Main\src\Org.WebApp.Main.01.Api\Org.WebApp.Main.01.Api.csproj", "{5F900901-5F27-4520-99E9-FE70741A600D}"
EndProject
Project("{9A19103F-16F7-4668-BE54-9A1E7A4F7556}") = "Org.WebApp.Main.02.UseCases", "Org.WebApp.Main\src\Org.WebApp.Main.02.UseCases\Org.WebApp.Main.02.UseCases.csproj", "{3072447C-188A-4383-A257-3A674AF39B0D}"
EndProject
Project("{9A19103F-16F7-4668-BE54-9A1E7A4F7556}") = "Org.WebApp.Main.03.Contract", "Org.WebApp.Main\src\Org.WebApp.Main.03.Contract\Org.WebApp.Main.03.Contract.csproj", "{12B3A16C-6242-4915-88FA-26D3E59290C6}"
EndProject
Project("{9A19103F-16F7-4668-BE54-9A1E7A4F7556}") = "Org.WebApp.Main.04.Shared", "Org.WebApp.Main\src\Org.WebApp.Main.04.Shared\Org.WebApp.Main.04.Shared.csproj", "{40E9A344-C280-4946-BF81-C7E14895CDE7}"
EndProject
Project("{9A19103F-16F7-4668-BE54-9A1E7A4F7556}") = "Org.WebApp.Main.05.Domain", "Org.WebApp.Main\src\Org.WebApp.Main.05.Domain\Org.WebApp.Main.05.Domain.csproj", "{3033AEDD-5B03-4C1A-9B1F-5E611523A848}"
EndProject
Project("{9A19103F-16F7-4668-BE54-9A1E7A4F7556}") = "Org.WebApp.Main.06.Infrastructure", "Org.WebApp.Main\src\Org.WebApp.Main.06.Infrastructure\Org.WebApp.Main.06.Infrastructure.csproj", "{2478EB12-EEF1-4759-A811-F21323C87EF2}"
EndProject
Project("{9A19103F-16F7-4668-BE54-9A1E7A4F7556}") = "Org.WebApp.Main.07.EFCore", "Org.WebApp.Main\src\Org.WebApp.Main.07.EFCore\Org.WebApp.Main.07.EFCore.csproj", "{2B08A7BF-99AC-4CDA-AE03-CEB54AA5031C}"
EndProject
Project("{9A19103F-16F7-4668-BE54-9A1E7A4F7556}") = "Org.WebApp.SharedKernel.01.Api", "Org.WebApp.SharedKernel\src\Org.WebApp.SharedKernel.01.Api\Org.WebApp.SharedKernel.01.Api.csproj", "{62242648-B359-487D-9180-40945B440F3D}"
EndProject
Project("{9A19103F-16F7-4668-BE54-9A1E7A4F7556}") = "Org.WebApp.SharedKernel.02.UseCases", "Org.WebApp.SharedKernel\src\Org.WebApp.SharedKernel.02.UseCases\Org.WebApp.SharedKernel.02.UseCases.csproj", "{EF89B9EA-1C95-431A-AF15-877F2D586AAC}"
EndProject
Project("{9A19103F-16F7-4668-BE54-9A1E7A4F7556}") = "Org.WebApp.SharedKernel.03.Contract", "Org.WebApp.SharedKernel\src\Org.WebApp.SharedKernel.03.Contract\Org.WebApp.SharedKernel.03.Contract.csproj", "{7E49D434-B1DA-463A-A79D-80E46E2AEFD6}"
EndProject
Project("{9A19103F-16F7-4668-BE54-9A1E7A4F7556}") = "Org.WebApp.SharedKernel.04.Shared", "Org.WebApp.SharedKernel\src\Org.WebApp.SharedKernel.04.Shared\Org.WebApp.SharedKernel.04.Shared.csproj", "{34E99D14-3977-4153-9880-361F100CDE6C}"
EndProject
Project("{9A19103F-16F7-4668-BE54-9A1E7A4F7556}") = "Org.WebApp.SharedKernel.05.Domain", "Org.WebApp.SharedKernel\src\Org.WebApp.SharedKernel.05.Domain\Org.WebApp.SharedKernel.05.Domain.csproj", "{E0D68996-FA7D-402C-864E-885BF208BC90}"
EndProject
Project("{9A19103F-16F7-4668-BE54-9A1E7A4F7556}") = "Org.WebApp.SharedKernel.06.Infrastructure", "Org.WebApp.SharedKernel\src\Org.WebApp.SharedKernel.06.Infrastructure\Org.WebApp.SharedKernel.06.Infrastructure.csproj", "{53CA46D1-8F1A-4812-8D6E-3775345C8F14}"
EndProject
Project("{9A19103F-16F7-4668-BE54-9A1E7A4F7556}") = "Org.WebApp.SharedKernel.07.EFCore", "Org.WebApp.SharedKernel\src\Org.WebApp.SharedKernel.07.EFCore\Org.WebApp.SharedKernel.07.EFCore.csproj", "{FEA7FA1D-AE1A-415B-A9C5-EC44E79B9FB5}"
EndProject
Project("{2150E333-8FDC-42A3-9474-1A3956D46DE8}") = "Solution Items", "Solution Items", "{0231022D-0422-4363-93F0-FA6F18DF9090}"
	ProjectSection(SolutionItems) = preProject
		.editorconfig = .editorconfig
	EndProjectSection
EndProject
Project("{2150E333-8FDC-42A3-9474-1A3956D46DE8}") = "Org.WebApp.AuthServer", "Org.WebApp.AuthServer", "{2E0ED379-B5DA-480A-87C5-215284D1269F}"
EndProject
Project("{2150E333-8FDC-42A3-9474-1A3956D46DE8}") = "src", "src", "{CC757E78-2789-4F21-8287-8A1914965E74}"
EndProject
Project("{9A19103F-16F7-4668-BE54-9A1E7A4F7556}") = "Org.WebApp.AuthServer.01.Api", "Org.WebApp.AuthServer\src\Org.WebApp.AuthServer.01.Api\Org.WebApp.AuthServer.01.Api.csproj", "{2C1C0170-E339-4700-81C2-3A057DA75625}"
EndProject
Project("{9A19103F-16F7-4668-BE54-9A1E7A4F7556}") = "Org.WebApp.AuthServer.02.UseCases", "Org.WebApp.AuthServer\src\Org.WebApp.AuthServer.02.UseCases\Org.WebApp.AuthServer.02.UseCases.csproj", "{2D7C9096-3A3B-45AA-A4F6-DA59D9C95DAF}"
EndProject
Project("{9A19103F-16F7-4668-BE54-9A1E7A4F7556}") = "Org.WebApp.AuthServer.03.Contract", "Org.WebApp.AuthServer\src\Org.WebApp.AuthServer.03.Contract\Org.WebApp.AuthServer.03.Contract.csproj", "{BC7C0DE3-4D2D-4462-A8D3-9D5026E7CF60}"
EndProject
Project("{9A19103F-16F7-4668-BE54-9A1E7A4F7556}") = "Org.WebApp.AuthServer.04.Shared", "Org.WebApp.AuthServer\src\Org.WebApp.AuthServer.04.Shared\Org.WebApp.AuthServer.04.Shared.csproj", "{DA3FAD16-9A95-4B4E-8650-931C5FC58016}"
EndProject
Project("{9A19103F-16F7-4668-BE54-9A1E7A4F7556}") = "Org.WebApp.AuthServer.05.Domain", "Org.WebApp.AuthServer\src\Org.WebApp.AuthServer.05.Domain\Org.WebApp.AuthServer.05.Domain.csproj", "{D41015DC-210C-4AD0-A64B-8352710D7346}"
EndProject
Project("{9A19103F-16F7-4668-BE54-9A1E7A4F7556}") = "Org.WebApp.AuthServer.06.Infrastructure", "Org.WebApp.AuthServer\src\Org.WebApp.AuthServer.06.Infrastructure\Org.WebApp.AuthServer.06.Infrastructure.csproj", "{AFCF0116-68DB-4E57-A9AA-83F2AA36446A}"
EndProject
Project("{9A19103F-16F7-4668-BE54-9A1E7A4F7556}") = "Org.WebApp.AuthServer.07.EFCore", "Org.WebApp.AuthServer\src\Org.WebApp.AuthServer.07.EFCore\Org.WebApp.AuthServer.07.EFCore.csproj", "{8994536E-3BAF-461F-AABA-CC20C018C293}"
EndProject
Project("{2150E333-8FDC-42A3-9474-1A3956D46DE8}") = "test", "test", "{A0103CE6-615D-47A5-BDCD-0902253C9036}"
EndProject
Project("{2150E333-8FDC-42A3-9474-1A3956D46DE8}") = "test", "test", "{360ABEAF-5E2A-47E3-9D98-25AC28934C93}"
EndProject
Project("{2150E333-8FDC-42A3-9474-1A3956D46DE8}") = "test", "test", "{46CCDDD7-EFBA-48B9-B279-A66210CBD848}"
EndProject
Global
	GlobalSection(SolutionConfigurationPlatforms) = preSolution
		Debug|Any CPU = Debug|Any CPU
		Release|Any CPU = Release|Any CPU
	EndGlobalSection
	GlobalSection(ProjectConfigurationPlatforms) = postSolution
		{5F900901-5F27-4520-99E9-FE70741A600D}.Debug|Any CPU.ActiveCfg = Debug|Any CPU
		{5F900901-5F27-4520-99E9-FE70741A600D}.Debug|Any CPU.Build.0 = Debug|Any CPU
		{5F900901-5F27-4520-99E9-FE70741A600D}.Release|Any CPU.ActiveCfg = Release|Any CPU
		{5F900901-5F27-4520-99E9-FE70741A600D}.Release|Any CPU.Build.0 = Release|Any CPU
		{3072447C-188A-4383-A257-3A674AF39B0D}.Debug|Any CPU.ActiveCfg = Debug|Any CPU
		{3072447C-188A-4383-A257-3A674AF39B0D}.Debug|Any CPU.Build.0 = Debug|Any CPU
		{3072447C-188A-4383-A257-3A674AF39B0D}.Release|Any CPU.ActiveCfg = Release|Any CPU
		{3072447C-188A-4383-A257-3A674AF39B0D}.Release|Any CPU.Build.0 = Release|Any CPU
		{12B3A16C-6242-4915-88FA-26D3E59290C6}.Debug|Any CPU.ActiveCfg = Debug|Any CPU
		{12B3A16C-6242-4915-88FA-26D3E59290C6}.Debug|Any CPU.Build.0 = Debug|Any CPU
		{12B3A16C-6242-4915-88FA-26D3E59290C6}.Release|Any CPU.ActiveCfg = Release|Any CPU
		{12B3A16C-6242-4915-88FA-26D3E59290C6}.Release|Any CPU.Build.0 = Release|Any CPU
		{40E9A344-C280-4946-BF81-C7E14895CDE7}.Debug|Any CPU.ActiveCfg = Debug|Any CPU
		{40E9A344-C280-4946-BF81-C7E14895CDE7}.Debug|Any CPU.Build.0 = Debug|Any CPU
		{40E9A344-C280-4946-BF81-C7E14895CDE7}.Release|Any CPU.ActiveCfg = Release|Any CPU
		{40E9A344-C280-4946-BF81-C7E14895CDE7}.Release|Any CPU.Build.0 = Release|Any CPU
		{3033AEDD-5B03-4C1A-9B1F-5E611523A848}.Debug|Any CPU.ActiveCfg = Debug|Any CPU
		{3033AEDD-5B03-4C1A-9B1F-5E611523A848}.Debug|Any CPU.Build.0 = Debug|Any CPU
		{3033AEDD-5B03-4C1A-9B1F-5E611523A848}.Release|Any CPU.ActiveCfg = Release|Any CPU
		{3033AEDD-5B03-4C1A-9B1F-5E611523A848}.Release|Any CPU.Build.0 = Release|Any CPU
		{2478EB12-EEF1-4759-A811-F21323C87EF2}.Debug|Any CPU.ActiveCfg = Debug|Any CPU
		{2478EB12-EEF1-4759-A811-F21323C87EF2}.Debug|Any CPU.Build.0 = Debug|Any CPU
		{2478EB12-EEF1-4759-A811-F21323C87EF2}.Release|Any CPU.ActiveCfg = Release|Any CPU
		{2478EB12-EEF1-4759-A811-F21323C87EF2}.Release|Any CPU.Build.0 = Release|Any CPU
		{2B08A7BF-99AC-4CDA-AE03-CEB54AA5031C}.Debug|Any CPU.ActiveCfg = Debug|Any CPU
		{2B08A7BF-99AC-4CDA-AE03-CEB54AA5031C}.Debug|Any CPU.Build.0 = Debug|Any CPU
		{2B08A7BF-99AC-4CDA-AE03-CEB54AA5031C}.Release|Any CPU.ActiveCfg = Release|Any CPU
		{2B08A7BF-99AC-4CDA-AE03-CEB54AA5031C}.Release|Any CPU.Build.0 = Release|Any CPU
		{62242648-B359-487D-9180-40945B440F3D}.Debug|Any CPU.ActiveCfg = Debug|Any CPU
		{62242648-B359-487D-9180-40945B440F3D}.Debug|Any CPU.Build.0 = Debug|Any CPU
		{62242648-B359-487D-9180-40945B440F3D}.Release|Any CPU.ActiveCfg = Release|Any CPU
		{62242648-B359-487D-9180-40945B440F3D}.Release|Any CPU.Build.0 = Release|Any CPU
		{EF89B9EA-1C95-431A-AF15-877F2D586AAC}.Debug|Any CPU.ActiveCfg = Debug|Any CPU
		{EF89B9EA-1C95-431A-AF15-877F2D586AAC}.Debug|Any CPU.Build.0 = Debug|Any CPU
		{EF89B9EA-1C95-431A-AF15-877F2D586AAC}.Release|Any CPU.ActiveCfg = Release|Any CPU
		{EF89B9EA-1C95-431A-AF15-877F2D586AAC}.Release|Any CPU.Build.0 = Release|Any CPU
		{7E49D434-B1DA-463A-A79D-80E46E2AEFD6}.Debug|Any CPU.ActiveCfg = Debug|Any CPU
		{7E49D434-B1DA-463A-A79D-80E46E2AEFD6}.Debug|Any CPU.Build.0 = Debug|Any CPU
		{7E49D434-B1DA-463A-A79D-80E46E2AEFD6}.Release|Any CPU.ActiveCfg = Release|Any CPU
		{7E49D434-B1DA-463A-A79D-80E46E2AEFD6}.Release|Any CPU.Build.0 = Release|Any CPU
		{34E99D14-3977-4153-9880-361F100CDE6C}.Debug|Any CPU.ActiveCfg = Debug|Any CPU
		{34E99D14-3977-4153-9880-361F100CDE6C}.Debug|Any CPU.Build.0 = Debug|Any CPU
		{34E99D14-3977-4153-9880-361F100CDE6C}.Release|Any CPU.ActiveCfg = Release|Any CPU
		{34E99D14-3977-4153-9880-361F100CDE6C}.Release|Any CPU.Build.0 = Release|Any CPU
		{E0D68996-FA7D-402C-864E-885BF208BC90}.Debug|Any CPU.ActiveCfg = Debug|Any CPU
		{E0D68996-FA7D-402C-864E-885BF208BC90}.Debug|Any CPU.Build.0 = Debug|Any CPU
		{E0D68996-FA7D-402C-864E-885BF208BC90}.Release|Any CPU.ActiveCfg = Release|Any CPU
		{E0D68996-FA7D-402C-864E-885BF208BC90}.Release|Any CPU.Build.0 = Release|Any CPU
		{53CA46D1-8F1A-4812-8D6E-3775345C8F14}.Debug|Any CPU.ActiveCfg = Debug|Any CPU
		{53CA46D1-8F1A-4812-8D6E-3775345C8F14}.Debug|Any CPU.Build.0 = Debug|Any CPU
		{53CA46D1-8F1A-4812-8D6E-3775345C8F14}.Release|Any CPU.ActiveCfg = Release|Any CPU
		{53CA46D1-8F1A-4812-8D6E-3775345C8F14}.Release|Any CPU.Build.0 = Release|Any CPU
		{FEA7FA1D-AE1A-415B-A9C5-EC44E79B9FB5}.Debug|Any CPU.ActiveCfg = Debug|Any CPU
		{FEA7FA1D-AE1A-415B-A9C5-EC44E79B9FB5}.Debug|Any CPU.Build.0 = Debug|Any CPU
		{FEA7FA1D-AE1A-415B-A9C5-EC44E79B9FB5}.Release|Any CPU.ActiveCfg = Release|Any CPU
		{FEA7FA1D-AE1A-415B-A9C5-EC44E79B9FB5}.Release|Any CPU.Build.0 = Release|Any CPU
		{2C1C0170-E339-4700-81C2-3A057DA75625}.Debug|Any CPU.ActiveCfg = Debug|Any CPU
		{2C1C0170-E339-4700-81C2-3A057DA75625}.Debug|Any CPU.Build.0 = Debug|Any CPU
		{2C1C0170-E339-4700-81C2-3A057DA75625}.Release|Any CPU.ActiveCfg = Release|Any CPU
		{2C1C0170-E339-4700-81C2-3A057DA75625}.Release|Any CPU.Build.0 = Release|Any CPU
		{2D7C9096-3A3B-45AA-A4F6-DA59D9C95DAF}.Debug|Any CPU.ActiveCfg = Debug|Any CPU
		{2D7C9096-3A3B-45AA-A4F6-DA59D9C95DAF}.Debug|Any CPU.Build.0 = Debug|Any CPU
		{2D7C9096-3A3B-45AA-A4F6-DA59D9C95DAF}.Release|Any CPU.ActiveCfg = Release|Any CPU
		{2D7C9096-3A3B-45AA-A4F6-DA59D9C95DAF}.Release|Any CPU.Build.0 = Release|Any CPU
		{BC7C0DE3-4D2D-4462-A8D3-9D5026E7CF60}.Debug|Any CPU.ActiveCfg = Debug|Any CPU
		{BC7C0DE3-4D2D-4462-A8D3-9D5026E7CF60}.Debug|Any CPU.Build.0 = Debug|Any CPU
		{BC7C0DE3-4D2D-4462-A8D3-9D5026E7CF60}.Release|Any CPU.ActiveCfg = Release|Any CPU
		{BC7C0DE3-4D2D-4462-A8D3-9D5026E7CF60}.Release|Any CPU.Build.0 = Release|Any CPU
		{DA3FAD16-9A95-4B4E-8650-931C5FC58016}.Debug|Any CPU.ActiveCfg = Debug|Any CPU
		{DA3FAD16-9A95-4B4E-8650-931C5FC58016}.Debug|Any CPU.Build.0 = Debug|Any CPU
		{DA3FAD16-9A95-4B4E-8650-931C5FC58016}.Release|Any CPU.ActiveCfg = Release|Any CPU
		{DA3FAD16-9A95-4B4E-8650-931C5FC58016}.Release|Any CPU.Build.0 = Release|Any CPU
		{D41015DC-210C-4AD0-A64B-8352710D7346}.Debug|Any CPU.ActiveCfg = Debug|Any CPU
		{D41015DC-210C-4AD0-A64B-8352710D7346}.Debug|Any CPU.Build.0 = Debug|Any CPU
		{D41015DC-210C-4AD0-A64B-8352710D7346}.Release|Any CPU.ActiveCfg = Release|Any CPU
		{D41015DC-210C-4AD0-A64B-8352710D7346}.Release|Any CPU.Build.0 = Release|Any CPU
		{AFCF0116-68DB-4E57-A9AA-83F2AA36446A}.Debug|Any CPU.ActiveCfg = Debug|Any CPU
		{AFCF0116-68DB-4E57-A9AA-83F2AA36446A}.Debug|Any CPU.Build.0 = Debug|Any CPU
		{AFCF0116-68DB-4E57-A9AA-83F2AA36446A}.Release|Any CPU.ActiveCfg = Release|Any CPU
		{AFCF0116-68DB-4E57-A9AA-83F2AA36446A}.Release|Any CPU.Build.0 = Release|Any CPU
		{8994536E-3BAF-461F-AABA-CC20C018C293}.Debug|Any CPU.ActiveCfg = Debug|Any CPU
		{8994536E-3BAF-461F-AABA-CC20C018C293}.Debug|Any CPU.Build.0 = Debug|Any CPU
		{8994536E-3BAF-461F-AABA-CC20C018C293}.Release|Any CPU.ActiveCfg = Release|Any CPU
		{8994536E-3BAF-461F-AABA-CC20C018C293}.Release|Any CPU.Build.0 = Release|Any CPU
	EndGlobalSection
	GlobalSection(SolutionProperties) = preSolution
		HideSolutionNode = FALSE
	EndGlobalSection
	GlobalSection(NestedProjects) = preSolution
		{5DCCF3BA-7132-4C45-81DB-C9499A15B4A7} = {3BFD14AB-2D25-484B-9A4F-80EEF576D73E}
		{FBF57771-8E77-47FF-9905-08B5405A19BD} = {5AE61F09-D680-4476-BB5E-18504436265D}
		{5F900901-5F27-4520-99E9-FE70741A600D} = {5DCCF3BA-7132-4C45-81DB-C9499A15B4A7}
		{3072447C-188A-4383-A257-3A674AF39B0D} = {5DCCF3BA-7132-4C45-81DB-C9499A15B4A7}
		{12B3A16C-6242-4915-88FA-26D3E59290C6} = {5DCCF3BA-7132-4C45-81DB-C9499A15B4A7}
		{40E9A344-C280-4946-BF81-C7E14895CDE7} = {5DCCF3BA-7132-4C45-81DB-C9499A15B4A7}
		{3033AEDD-5B03-4C1A-9B1F-5E611523A848} = {5DCCF3BA-7132-4C45-81DB-C9499A15B4A7}
		{2478EB12-EEF1-4759-A811-F21323C87EF2} = {5DCCF3BA-7132-4C45-81DB-C9499A15B4A7}
		{2B08A7BF-99AC-4CDA-AE03-CEB54AA5031C} = {5DCCF3BA-7132-4C45-81DB-C9499A15B4A7}
		{62242648-B359-487D-9180-40945B440F3D} = {FBF57771-8E77-47FF-9905-08B5405A19BD}
		{EF89B9EA-1C95-431A-AF15-877F2D586AAC} = {FBF57771-8E77-47FF-9905-08B5405A19BD}
		{7E49D434-B1DA-463A-A79D-80E46E2AEFD6} = {FBF57771-8E77-47FF-9905-08B5405A19BD}
		{34E99D14-3977-4153-9880-361F100CDE6C} = {FBF57771-8E77-47FF-9905-08B5405A19BD}
		{E0D68996-FA7D-402C-864E-885BF208BC90} = {FBF57771-8E77-47FF-9905-08B5405A19BD}
		{53CA46D1-8F1A-4812-8D6E-3775345C8F14} = {FBF57771-8E77-47FF-9905-08B5405A19BD}
		{FEA7FA1D-AE1A-415B-A9C5-EC44E79B9FB5} = {FBF57771-8E77-47FF-9905-08B5405A19BD}
		{CC757E78-2789-4F21-8287-8A1914965E74} = {2E0ED379-B5DA-480A-87C5-215284D1269F}
		{2C1C0170-E339-4700-81C2-3A057DA75625} = {CC757E78-2789-4F21-8287-8A1914965E74}
		{2D7C9096-3A3B-45AA-A4F6-DA59D9C95DAF} = {CC757E78-2789-4F21-8287-8A1914965E74}
		{BC7C0DE3-4D2D-4462-A8D3-9D5026E7CF60} = {CC757E78-2789-4F21-8287-8A1914965E74}
		{DA3FAD16-9A95-4B4E-8650-931C5FC58016} = {CC757E78-2789-4F21-8287-8A1914965E74}
		{D41015DC-210C-4AD0-A64B-8352710D7346} = {CC757E78-2789-4F21-8287-8A1914965E74}
		{AFCF0116-68DB-4E57-A9AA-83F2AA36446A} = {CC757E78-2789-4F21-8287-8A1914965E74}
		{8994536E-3BAF-461F-AABA-CC20C018C293} = {CC757E78-2789-4F21-8287-8A1914965E74}
		{A0103CE6-615D-47A5-BDCD-0902253C9036} = {5AE61F09-D680-4476-BB5E-18504436265D}
		{360ABEAF-5E2A-47E3-9D98-25AC28934C93} = {3BFD14AB-2D25-484B-9A4F-80EEF576D73E}
		{46CCDDD7-EFBA-48B9-B279-A66210CBD848} = {2E0ED379-B5DA-480A-87C5-215284D1269F}
	EndGlobalSection
	GlobalSection(ExtensibilityGlobals) = postSolution
		SolutionGuid = {D84EF185-15EC-42A9-9C37-8A7D01D8FCC1}
	EndGlobalSection
EndGlobal
