
Microsoft Visual Studio Solution File, Format Version 12.00
# Visual Studio Version 17
VisualStudioVersion = 17.7.34009.444
MinimumVisualStudioVersion = 10.0.40219.1
Project("{2150E333-8FDC-42A3-9474-1A3956D46DE8}") = "src", "src", "{CA57EFF3-ACAE-483A-904E-9E548B7AD98E}"
EndProject
Project("{2150E333-8FDC-42A3-9474-1A3956D46DE8}") = "app", "app", "{3D5BCBB4-AC75-4319-8790-3572BC195ACC}"
EndProject
Project("{2150E333-8FDC-42A3-9474-1A3956D46DE8}") = "infrastructure", "infrastructure", "{E8EDD819-6854-42FC-997D-80AC65C7E6A1}"
EndProject
Project("{2150E333-8FDC-42A3-9474-1A3956D46DE8}") = "core", "core", "{71C6C405-5A8B-47F1-B236-6ED0F24F0083}"
EndProject
Project("{2150E333-8FDC-42A3-9474-1A3956D46DE8}") = "presentation", "presentation", "{C211CF48-FC17-4896-AE65-E22AA58D6C96}"
EndProject
Project("{2150E333-8FDC-42A3-9474-1A3956D46DE8}") = "docs", "docs", "{DB10A56E-1563-4F2F-8FC2-B1B359DE607C}"
EndProject
Project("{2150E333-8FDC-42A3-9474-1A3956D46DE8}") = "test", "test", "{3794CA40-6B1E-4FC7-BEC5-5777CFC94F0E}"
EndProject
Project("{2150E333-8FDC-42A3-9474-1A3956D46DE8}") = "dbs", "dbs", "{5172C475-CE47-456D-907B-630C3C7D0C5C}"
EndProject
Project("{FAE04EC0-301F-11D3-BF4B-00C04F79EFBC}") = "WebApp.Api", "presentation\WebApp.Api\WebApp.Api.csproj", "{2A26EEF0-A20F-46C4-BB4A-45EBD3726ED8}"
EndProject
Project("{FAE04EC0-301F-11D3-BF4B-00C04F79EFBC}") = "WebApp.SharedKernel", "src\WebApp.SharedKernel\WebApp.SharedKernel.csproj", "{D147274F-665D-404F-8BB0-AE5EE4AC6927}"
EndProject
Project("{FAE04EC0-301F-11D3-BF4B-00C04F79EFBC}") = "WebApp.Domain", "src\WebApp.Domain\WebApp.Domain.csproj", "{CBC5FB82-CD96-4B7B-A452-A7B6FDB4E3E7}"
EndProject
Project("{FAE04EC0-301F-11D3-BF4B-00C04F79EFBC}") = "WebApp.Contract", "src\WebApp.Contract\WebApp.Contract.csproj", "{94291AFD-5AED-4E08-9732-38BCA16A3DF4}"
EndProject
Project("{FAE04EC0-301F-11D3-BF4B-00C04F79EFBC}") = "WebApp.Application", "src\WebApp.Application\WebApp.Application.csproj", "{119BA0CA-CB81-461B-AFA8-A54497A125C8}"
EndProject
Project("{FAE04EC0-301F-11D3-BF4B-00C04F79EFBC}") = "WebApp.EFCore", "src\WebApp.EFCore\WebApp.EFCore.csproj", "{B35A24AB-FAD5-4EAB-A685-63DF9ED7A1A7}"
EndProject
Project("{FAE04EC0-301F-11D3-BF4B-00C04F79EFBC}") = "WebApp.Infrastructure", "src\WebApp.Infrastructure\WebApp.Infrastructure.csproj", "{BE86D2F0-E3EC-4274-9659-C69B148D3982}"
EndProject
Global
	GlobalSection(SolutionConfigurationPlatforms) = preSolution
		Debug|Any CPU = Debug|Any CPU
		Release|Any CPU = Release|Any CPU
	EndGlobalSection
	GlobalSection(ProjectConfigurationPlatforms) = postSolution
		{2A26EEF0-A20F-46C4-BB4A-45EBD3726ED8}.Debug|Any CPU.ActiveCfg = Debug|Any CPU
		{2A26EEF0-A20F-46C4-BB4A-45EBD3726ED8}.Debug|Any CPU.Build.0 = Debug|Any CPU
		{2A26EEF0-A20F-46C4-BB4A-45EBD3726ED8}.Release|Any CPU.ActiveCfg = Release|Any CPU
		{2A26EEF0-A20F-46C4-BB4A-45EBD3726ED8}.Release|Any CPU.Build.0 = Release|Any CPU
		{D147274F-665D-404F-8BB0-AE5EE4AC6927}.Debug|Any CPU.ActiveCfg = Debug|Any CPU
		{D147274F-665D-404F-8BB0-AE5EE4AC6927}.Debug|Any CPU.Build.0 = Debug|Any CPU
		{D147274F-665D-404F-8BB0-AE5EE4AC6927}.Release|Any CPU.ActiveCfg = Release|Any CPU
		{D147274F-665D-404F-8BB0-AE5EE4AC6927}.Release|Any CPU.Build.0 = Release|Any CPU
		{CBC5FB82-CD96-4B7B-A452-A7B6FDB4E3E7}.Debug|Any CPU.ActiveCfg = Debug|Any CPU
		{CBC5FB82-CD96-4B7B-A452-A7B6FDB4E3E7}.Debug|Any CPU.Build.0 = Debug|Any CPU
		{CBC5FB82-CD96-4B7B-A452-A7B6FDB4E3E7}.Release|Any CPU.ActiveCfg = Release|Any CPU
		{CBC5FB82-CD96-4B7B-A452-A7B6FDB4E3E7}.Release|Any CPU.Build.0 = Release|Any CPU
		{94291AFD-5AED-4E08-9732-38BCA16A3DF4}.Debug|Any CPU.ActiveCfg = Debug|Any CPU
		{94291AFD-5AED-4E08-9732-38BCA16A3DF4}.Debug|Any CPU.Build.0 = Debug|Any CPU
		{94291AFD-5AED-4E08-9732-38BCA16A3DF4}.Release|Any CPU.ActiveCfg = Release|Any CPU
		{94291AFD-5AED-4E08-9732-38BCA16A3DF4}.Release|Any CPU.Build.0 = Release|Any CPU
		{119BA0CA-CB81-461B-AFA8-A54497A125C8}.Debug|Any CPU.ActiveCfg = Debug|Any CPU
		{119BA0CA-CB81-461B-AFA8-A54497A125C8}.Debug|Any CPU.Build.0 = Debug|Any CPU
		{119BA0CA-CB81-461B-AFA8-A54497A125C8}.Release|Any CPU.ActiveCfg = Release|Any CPU
		{119BA0CA-CB81-461B-AFA8-A54497A125C8}.Release|Any CPU.Build.0 = Release|Any CPU
		{B35A24AB-FAD5-4EAB-A685-63DF9ED7A1A7}.Debug|Any CPU.ActiveCfg = Debug|Any CPU
		{B35A24AB-FAD5-4EAB-A685-63DF9ED7A1A7}.Debug|Any CPU.Build.0 = Debug|Any CPU
		{B35A24AB-FAD5-4EAB-A685-63DF9ED7A1A7}.Release|Any CPU.ActiveCfg = Release|Any CPU
		{B35A24AB-FAD5-4EAB-A685-63DF9ED7A1A7}.Release|Any CPU.Build.0 = Release|Any CPU
		{BE86D2F0-E3EC-4274-9659-C69B148D3982}.Debug|Any CPU.ActiveCfg = Debug|Any CPU
		{BE86D2F0-E3EC-4274-9659-C69B148D3982}.Debug|Any CPU.Build.0 = Debug|Any CPU
		{BE86D2F0-E3EC-4274-9659-C69B148D3982}.Release|Any CPU.ActiveCfg = Release|Any CPU
		{BE86D2F0-E3EC-4274-9659-C69B148D3982}.Release|Any CPU.Build.0 = Release|Any CPU
	EndGlobalSection
	GlobalSection(SolutionProperties) = preSolution
		HideSolutionNode = FALSE
	EndGlobalSection
	GlobalSection(NestedProjects) = preSolution
		{3D5BCBB4-AC75-4319-8790-3572BC195ACC} = {CA57EFF3-ACAE-483A-904E-9E548B7AD98E}
		{E8EDD819-6854-42FC-997D-80AC65C7E6A1} = {CA57EFF3-ACAE-483A-904E-9E548B7AD98E}
		{71C6C405-5A8B-47F1-B236-6ED0F24F0083} = {3D5BCBB4-AC75-4319-8790-3572BC195ACC}
		{5172C475-CE47-456D-907B-630C3C7D0C5C} = {E8EDD819-6854-42FC-997D-80AC65C7E6A1}
		{2A26EEF0-A20F-46C4-BB4A-45EBD3726ED8} = {C211CF48-FC17-4896-AE65-E22AA58D6C96}
		{D147274F-665D-404F-8BB0-AE5EE4AC6927} = {71C6C405-5A8B-47F1-B236-6ED0F24F0083}
		{CBC5FB82-CD96-4B7B-A452-A7B6FDB4E3E7} = {71C6C405-5A8B-47F1-B236-6ED0F24F0083}
		{94291AFD-5AED-4E08-9732-38BCA16A3DF4} = {71C6C405-5A8B-47F1-B236-6ED0F24F0083}
		{119BA0CA-CB81-461B-AFA8-A54497A125C8} = {3D5BCBB4-AC75-4319-8790-3572BC195ACC}
		{B35A24AB-FAD5-4EAB-A685-63DF9ED7A1A7} = {5172C475-CE47-456D-907B-630C3C7D0C5C}
		{BE86D2F0-E3EC-4274-9659-C69B148D3982} = {E8EDD819-6854-42FC-997D-80AC65C7E6A1}
	EndGlobalSection
	GlobalSection(ExtensibilityGlobals) = postSolution
		SolutionGuid = {14CD20C6-3868-47C1-8809-C6FD120BEF0E}
	EndGlobalSection
EndGlobal
